# This file is automatically @generated by Poetry and should not be changed by hand.

[[package]]
name = "attrs"
version = "22.2.0"
description = "Classes Without Boilerplate"
category = "main"
optional = false
python-versions = ">=3.6"
files = [
    {file = "attrs-22.2.0-py3-none-any.whl", hash = "sha256:29e95c7f6778868dbd49170f98f8818f78f3dc5e0e37c0b1f474e3561b240836"},
    {file = "attrs-22.2.0.tar.gz", hash = "sha256:c9227bfc2f01993c03f68db37d1d15c9690188323c067c641f1a35ca58185f99"},
]

[package.extras]
cov = ["attrs[tests]", "coverage-enable-subprocess", "coverage[toml] (>=5.3)"]
dev = ["attrs[docs,tests]"]
docs = ["furo", "myst-parser", "sphinx", "sphinx-notfound-page", "sphinxcontrib-towncrier", "towncrier", "zope.interface"]
tests = ["attrs[tests-no-zope]", "zope.interface"]
tests-no-zope = ["cloudpickle", "cloudpickle", "hypothesis", "hypothesis", "mypy (>=0.971,<0.990)", "mypy (>=0.971,<0.990)", "pympler", "pympler", "pytest (>=4.3.0)", "pytest (>=4.3.0)", "pytest-mypy-plugins", "pytest-mypy-plugins", "pytest-xdist[psutil]", "pytest-xdist[psutil]"]

[[package]]
name = "colorama"
version = "0.4.6"
description = "Cross-platform colored terminal text."
category = "main"
optional = false
python-versions = "!=3.0.*,!=3.1.*,!=3.2.*,!=3.3.*,!=3.4.*,!=3.5.*,!=3.6.*,>=2.7"
files = [
    {file = "colorama-0.4.6-py2.py3-none-any.whl", hash = "sha256:4f1d9991f5acc0ca119f9d443620b77f9d6b33703e51011c16baf57afb285fc6"},
    {file = "colorama-0.4.6.tar.gz", hash = "sha256:08695f5cb7ed6e0531a20572697297273c47b8cae5a63ffc6d6ed5c201be6e44"},
]

[[package]]
name = "cytoolz"
version = "0.12.1"
description = "Cython implementation of Toolz: High performance functional utilities"
category = "main"
optional = false
python-versions = ">=3.6"
files = [
    {file = "cytoolz-0.12.1-cp310-cp310-macosx_10_9_x86_64.whl", hash = "sha256:5c59bb4ca88e1c69931468bf21f91c8f64d8bf1999eb163b7a2df336f60c304a"},
    {file = "cytoolz-0.12.1-cp310-cp310-macosx_11_0_arm64.whl", hash = "sha256:4d700e011156ff112966c6d77faaae125fcaf538f4cec2b9ce8957de82858f0f"},
    {file = "cytoolz-0.12.1-cp310-cp310-manylinux_2_17_aarch64.manylinux2014_aarch64.whl", hash = "sha256:23c3f57c48eb939d2986eba4aeaeedf930ebf94d58c91a42d4e0fc45ed5427dc"},
    {file = "cytoolz-0.12.1-cp310-cp310-manylinux_2_17_ppc64le.manylinux2014_ppc64le.whl", hash = "sha256:25ff13c468c06da9ef26651dc389e7e8bb7af548f8c1dfb96305f57f18d398a8"},
    {file = "cytoolz-0.12.1-cp310-cp310-manylinux_2_17_s390x.manylinux2014_s390x.whl", hash = "sha256:a734511144309ea6e105406633affb74e303a3df07d8a3954f9b01946e27ecb1"},
    {file = "cytoolz-0.12.1-cp310-cp310-manylinux_2_17_x86_64.manylinux2014_x86_64.whl", hash = "sha256:48bc2f30d1b2646d675bb8e7778ab59379bf9edc59fe06fb0e7f85ba1271bf44"},
    {file = "cytoolz-0.12.1-cp310-cp310-manylinux_2_5_i686.manylinux1_i686.manylinux_2_17_i686.manylinux2014_i686.whl", hash = "sha256:30936ae8fa68b6a1ac8ad6c4bacb5a8a00d51bc6c89f9614a1557b0105d09f8a"},
    {file = "cytoolz-0.12.1-cp310-cp310-musllinux_1_1_aarch64.whl", hash = "sha256:efd1b2da3ee577fcfa723a214f73186aef9674dd5b28242d90443c7a82722b0f"},
    {file = "cytoolz-0.12.1-cp310-cp310-musllinux_1_1_i686.whl", hash = "sha256:6805b007af3557ee6c20dab491b6e55a8177f5b6845d9e6c653374d540366ba7"},
    {file = "cytoolz-0.12.1-cp310-cp310-musllinux_1_1_ppc64le.whl", hash = "sha256:a6e63fc67b23830947b51e0a488992e3c904fce825ead565f3904dcf621d05f7"},
    {file = "cytoolz-0.12.1-cp310-cp310-musllinux_1_1_s390x.whl", hash = "sha256:9e324a94856d88ecf10f34c102d0ded67d7c3cf644153d77e34a29720ce6aa47"},
    {file = "cytoolz-0.12.1-cp310-cp310-musllinux_1_1_x86_64.whl", hash = "sha256:02975e2b1e61e47e9afa311f4c1783d155136fad37c54a1cebfe991c5a0798a1"},
    {file = "cytoolz-0.12.1-cp310-cp310-win32.whl", hash = "sha256:b6569f6038133909cd658dbdcc6fc955f791dc47a7f5b55d2066f742253dcbfe"},
    {file = "cytoolz-0.12.1-cp310-cp310-win_amd64.whl", hash = "sha256:1be368623e46ad3c1ce807e7a436acb119c26001507b31f92ceb21b86e08c386"},
    {file = "cytoolz-0.12.1-cp311-cp311-macosx_10_9_x86_64.whl", hash = "sha256:849f461bffa1e7700ccfcb5186df29cd4cdcc9efdb7199cb8b5681dc37045d72"},
    {file = "cytoolz-0.12.1-cp311-cp311-macosx_11_0_arm64.whl", hash = "sha256:4284120c978fb7039901bf6e66832cb3e82ac1b2a107512e735bdb04fd5533ed"},
    {file = "cytoolz-0.12.1-cp311-cp311-manylinux_2_17_aarch64.manylinux2014_aarch64.whl", hash = "sha256:2ec296f01c29c809698eaf677211b6255691295c2b35caab2131e1e7eaadfbac"},
    {file = "cytoolz-0.12.1-cp311-cp311-manylinux_2_17_ppc64le.manylinux2014_ppc64le.whl", hash = "sha256:37c53f456a1c84566a7d911eec57c4c6280b915ab0600e7671582793cc2769fe"},
    {file = "cytoolz-0.12.1-cp311-cp311-manylinux_2_17_s390x.manylinux2014_s390x.whl", hash = "sha256:1b6761791973b1e839b8309d5853b40eeb413368e31beaf5f2b6ed44c6fc7cf0"},
    {file = "cytoolz-0.12.1-cp311-cp311-manylinux_2_17_x86_64.manylinux2014_x86_64.whl", hash = "sha256:ff478682e8ee6dbaa37201bb71bf4a6eee744006ab000e8f5cea05066fc7c845"},
    {file = "cytoolz-0.12.1-cp311-cp311-manylinux_2_5_i686.manylinux1_i686.manylinux_2_17_i686.manylinux2014_i686.whl", hash = "sha256:867bebe6be30ee36a836f9b835790762a74f46be8cc339ea57b68dcecdbc1133"},
    {file = "cytoolz-0.12.1-cp311-cp311-musllinux_1_1_aarch64.whl", hash = "sha256:7e903df991f0957e2b271a37bb25d28e0d260c52825ae67507d15ca55a935961"},
    {file = "cytoolz-0.12.1-cp311-cp311-musllinux_1_1_i686.whl", hash = "sha256:e797c4afb1b7962d3205b1959e1051f7e6bfbba29da44042a9efc2391f1feb38"},
    {file = "cytoolz-0.12.1-cp311-cp311-musllinux_1_1_ppc64le.whl", hash = "sha256:b8eceaa12b7f152b046b67cb053ec2b5b00f73593983de69bc5e63a8aca4a7a8"},
    {file = "cytoolz-0.12.1-cp311-cp311-musllinux_1_1_s390x.whl", hash = "sha256:b575393dd431b8e211de35bd593d831dac870172b16e2b7934f3566b8fc89377"},
    {file = "cytoolz-0.12.1-cp311-cp311-musllinux_1_1_x86_64.whl", hash = "sha256:3032c0ba42dee5836d6b57a72a569b65df2c29e8ed266cb900d569003cf933a9"},
    {file = "cytoolz-0.12.1-cp311-cp311-win32.whl", hash = "sha256:c576bd63495150385b8d05eaae775387f378be2fd9805d3ffb4d17c87271fbad"},
    {file = "cytoolz-0.12.1-cp311-cp311-win_amd64.whl", hash = "sha256:421b224dc4157a0d66625acb5798cf50858cfa06a5232d39a8bd6cf1fa88aca3"},
    {file = "cytoolz-0.12.1-cp36-cp36m-macosx_10_9_x86_64.whl", hash = "sha256:be5a454a95797343d0fb1ed02caecae73a023b1393c112951c84f17ec9f4076c"},
    {file = "cytoolz-0.12.1-cp36-cp36m-manylinux_2_17_aarch64.manylinux2014_aarch64.whl", hash = "sha256:061387aa39b9c1576c25d0c59142513c09e77a2a07bd5d6211a43c7a758b6f45"},
    {file = "cytoolz-0.12.1-cp36-cp36m-manylinux_2_17_ppc64le.manylinux2014_ppc64le.whl", hash = "sha256:14f4dbc3f0ec8f6fc68865489af21dcf042ff007d2737c27bfd73296f15db544"},
    {file = "cytoolz-0.12.1-cp36-cp36m-manylinux_2_17_s390x.manylinux2014_s390x.whl", hash = "sha256:a816bff6bf424753e1ac2441902ceaf37ae6718b745a53f6aa1a60c617fb4f5f"},
    {file = "cytoolz-0.12.1-cp36-cp36m-manylinux_2_17_x86_64.manylinux2014_x86_64.whl", hash = "sha256:633f19d1990b1cf9c67dce9c28bf8b5a18e42785d15548607a100e1236384d5d"},
    {file = "cytoolz-0.12.1-cp36-cp36m-manylinux_2_5_i686.manylinux1_i686.manylinux_2_17_i686.manylinux2014_i686.whl", hash = "sha256:6fa7009c843667868aa8bdb3d68e5ef3d6356dd418b17ed5ca4e1340e82483a5"},
    {file = "cytoolz-0.12.1-cp36-cp36m-musllinux_1_1_aarch64.whl", hash = "sha256:1c29dd04e282ddfd45b457e3551075beec9128aa9271245e58ce924bf6e055f8"},
    {file = "cytoolz-0.12.1-cp36-cp36m-musllinux_1_1_i686.whl", hash = "sha256:cd35c0be4c46274129dd1678bb911dd4e93d23968b26f4e39cd55bc7cb3b1bac"},
    {file = "cytoolz-0.12.1-cp36-cp36m-musllinux_1_1_ppc64le.whl", hash = "sha256:5158ae6d8dd112d003f677039a3613ca7d2592bfe35d7accf23684edb961fc26"},
    {file = "cytoolz-0.12.1-cp36-cp36m-musllinux_1_1_s390x.whl", hash = "sha256:7eb9e6fa8a82c3d2f519f7d3942898a97792e3895569e9501b9431048289b82f"},
    {file = "cytoolz-0.12.1-cp36-cp36m-musllinux_1_1_x86_64.whl", hash = "sha256:ac6784cc43aec51a86cf9058a2a343084f8cf46a9281bea5762bfa608127c53b"},
    {file = "cytoolz-0.12.1-cp36-cp36m-win32.whl", hash = "sha256:794cce219bbcb2f36ca220f27d5afd64eaa854e04901bd6f240be156a578b607"},
    {file = "cytoolz-0.12.1-cp36-cp36m-win_amd64.whl", hash = "sha256:695dd8231e4f1bfb9a2363775a6e4e56ad9d2058058f817203a49614f4bfe33b"},
    {file = "cytoolz-0.12.1-cp37-cp37m-macosx_10_9_x86_64.whl", hash = "sha256:b1bd8017ef0da935a20106272c5f5ff6b1114add1ccb09cfed1ff7ec5cc01c6d"},
    {file = "cytoolz-0.12.1-cp37-cp37m-manylinux_2_17_aarch64.manylinux2014_aarch64.whl", hash = "sha256:56e1ebf6eb4438b8c45cbe7e7b22fc65df0c9efa97a70d3bf2f51e08b19756a5"},
    {file = "cytoolz-0.12.1-cp37-cp37m-manylinux_2_17_ppc64le.manylinux2014_ppc64le.whl", hash = "sha256:816c2038008ebf50d81171ddfae377f1af9e71d504ec609469dcb0906bfcf2ae"},
    {file = "cytoolz-0.12.1-cp37-cp37m-manylinux_2_17_s390x.manylinux2014_s390x.whl", hash = "sha256:9bebe58f7a160db7838eb70990c704db4bdc2d58bd364290fd69be0587be8bac"},
    {file = "cytoolz-0.12.1-cp37-cp37m-manylinux_2_17_x86_64.manylinux2014_x86_64.whl", hash = "sha256:a72440305f634604827f96810e4469877b89f5c060d6852267650a49b0e3768c"},
    {file = "cytoolz-0.12.1-cp37-cp37m-manylinux_2_5_i686.manylinux1_i686.manylinux_2_17_i686.manylinux2014_i686.whl", hash = "sha256:b46ebc463bb45f278a2b94e630061c26e10077cb68d4c93583d8f4199699a5ef"},
    {file = "cytoolz-0.12.1-cp37-cp37m-musllinux_1_1_aarch64.whl", hash = "sha256:e75e287787e6adafed9d8c3d3e7647c0b5eb460221f9f92d7dfe48b45ba77c0d"},
    {file = "cytoolz-0.12.1-cp37-cp37m-musllinux_1_1_i686.whl", hash = "sha256:03ab22c9aeb1535f8647d23b6520b0c3d41aaa18d04ef42b352dde1931f2e2b1"},
    {file = "cytoolz-0.12.1-cp37-cp37m-musllinux_1_1_ppc64le.whl", hash = "sha256:b2ac288f27a2689d9e39f4cf4df5437a8eb038eaae515169586c77f9f8fb343a"},
    {file = "cytoolz-0.12.1-cp37-cp37m-musllinux_1_1_s390x.whl", hash = "sha256:97a24c0d0806fcf9a6e75fc18aeb95adc37eb0baf6451f10a2de23ffd815329d"},
    {file = "cytoolz-0.12.1-cp37-cp37m-musllinux_1_1_x86_64.whl", hash = "sha256:42c9e5cd2a48a257b1f2402334b48122501f249b8dcf77082f569f2680f185eb"},
    {file = "cytoolz-0.12.1-cp37-cp37m-win32.whl", hash = "sha256:35fae4eaa0eaf9072a5fe2d244a79e65baae4e5ddbe9cc629c5037af800213a2"},
    {file = "cytoolz-0.12.1-cp37-cp37m-win_amd64.whl", hash = "sha256:5af43ca7026ead3dd08b261e4f7163cd2cf3ceaa74fa5a81f7b7ea5d445e41d6"},
    {file = "cytoolz-0.12.1-cp38-cp38-macosx_10_9_x86_64.whl", hash = "sha256:fcc378fa97f02fbcef090b3611305425d72bd1c0afdd13ef4a82dc67d40638b6"},
    {file = "cytoolz-0.12.1-cp38-cp38-macosx_11_0_arm64.whl", hash = "sha256:cc3645cf6b9246cb8e179db2803e4f0d148211d2a2cf22d5c9b5219111cd91a0"},
    {file = "cytoolz-0.12.1-cp38-cp38-manylinux_2_17_aarch64.manylinux2014_aarch64.whl", hash = "sha256:2b245b824f4705aef0e4a03fafef3ad6cb59ef43cc564cdbf683ee28dfc11ad5"},
    {file = "cytoolz-0.12.1-cp38-cp38-manylinux_2_17_ppc64le.manylinux2014_ppc64le.whl", hash = "sha256:c1964dcb5f250fd13fac210944b20810d61ef4094a17fbbe502ab7a7eaeeace7"},
    {file = "cytoolz-0.12.1-cp38-cp38-manylinux_2_17_s390x.manylinux2014_s390x.whl", hash = "sha256:f7194a22a4a24f3561cb6ad1cca9c9b2f2cf34cc8d4bce6d6a24c80960323fa8"},
    {file = "cytoolz-0.12.1-cp38-cp38-manylinux_2_17_x86_64.manylinux2014_x86_64.whl", hash = "sha256:e1c5434db53f3a94a37ad8aedb231901e001995d899af6ed1165f3d27fa04a6a"},
    {file = "cytoolz-0.12.1-cp38-cp38-manylinux_2_5_i686.manylinux1_i686.manylinux_2_17_i686.manylinux2014_i686.whl", hash = "sha256:b30cd083ef8af4ba66d9fe5cc75c653ede3f2655f97a032db1a14cc8a006719c"},
    {file = "cytoolz-0.12.1-cp38-cp38-musllinux_1_1_aarch64.whl", hash = "sha256:bef934bd3e024d512c6c0ad1c66eb173f61d9ccb4dbca8d75f727a5604f7c2f6"},
    {file = "cytoolz-0.12.1-cp38-cp38-musllinux_1_1_i686.whl", hash = "sha256:37320669c364f7d370392af33cc1034b4563da66c22cd3261e3530f4d30dbe4b"},
    {file = "cytoolz-0.12.1-cp38-cp38-musllinux_1_1_ppc64le.whl", hash = "sha256:3cb95d23defb2322cddf70efb4af6dac191d95edaa343e8c1f58f1afa4f92ecd"},
    {file = "cytoolz-0.12.1-cp38-cp38-musllinux_1_1_s390x.whl", hash = "sha256:ac5895d5f78dbd8646fe37266655ba4995f9cfec38a86595282fee69e41787da"},
    {file = "cytoolz-0.12.1-cp38-cp38-musllinux_1_1_x86_64.whl", hash = "sha256:499af2aff04f65b4c23de1df08e1d1484a93b23ddaaa0163e44b5070b68356eb"},
    {file = "cytoolz-0.12.1-cp38-cp38-win32.whl", hash = "sha256:aa61e3da751a2dfe95aeca603f3ef510071a136ba9905f61ae6cb5d0696271ad"},
    {file = "cytoolz-0.12.1-cp38-cp38-win_amd64.whl", hash = "sha256:f5b43ce952a5a31441556c55f5f5f5a8e62c28581a0ff2a2c31c04ef992d73bd"},
    {file = "cytoolz-0.12.1-cp39-cp39-macosx_10_9_x86_64.whl", hash = "sha256:b8b8f88251b84b3877254cdd59c86a1dc6b2b39a03c6c9c067d344ef879562e0"},
    {file = "cytoolz-0.12.1-cp39-cp39-macosx_11_0_arm64.whl", hash = "sha256:d72415b0110f7958dd3a5ee98a70166f47bd42ede85e3535669c794d06f57406"},
    {file = "cytoolz-0.12.1-cp39-cp39-manylinux_2_17_aarch64.manylinux2014_aarch64.whl", hash = "sha256:f8101ab6de5aa0b26a2b5032bc488d430010c91863e701812d65836b03a12f61"},
    {file = "cytoolz-0.12.1-cp39-cp39-manylinux_2_17_ppc64le.manylinux2014_ppc64le.whl", hash = "sha256:2eed428b5e68c28abf2c71195e799850e040d67a27c05f7785319c611665b86a"},
    {file = "cytoolz-0.12.1-cp39-cp39-manylinux_2_17_s390x.manylinux2014_s390x.whl", hash = "sha256:59641eb1f41cb688b3cb2f98c9003c493a5024325f76b5c02333d08dd972127c"},
    {file = "cytoolz-0.12.1-cp39-cp39-manylinux_2_17_x86_64.manylinux2014_x86_64.whl", hash = "sha256:2a48940ff0449ffcf690310bf9228bb57885f7571406ed2fe05c98e299987195"},
    {file = "cytoolz-0.12.1-cp39-cp39-manylinux_2_5_i686.manylinux1_i686.manylinux_2_17_i686.manylinux2014_i686.whl", hash = "sha256:9bae431a5985cdb2014be09d37206c288e0d063940cf9539e9769bd2ec26b220"},
    {file = "cytoolz-0.12.1-cp39-cp39-musllinux_1_1_aarch64.whl", hash = "sha256:cb8b10405960a8e6801a4702af98ea640130ec6ecfc1208195762de3f5503ba9"},
    {file = "cytoolz-0.12.1-cp39-cp39-musllinux_1_1_i686.whl", hash = "sha256:3c9a16a5b4f54d5c0a131f56b0ca65998a9a74958b5b36840c280edba4f8b907"},
    {file = "cytoolz-0.12.1-cp39-cp39-musllinux_1_1_ppc64le.whl", hash = "sha256:49911cb533c96d275e31e7eaeb0742ac3f7afe386a1d8c40937814d75039a0f7"},
    {file = "cytoolz-0.12.1-cp39-cp39-musllinux_1_1_s390x.whl", hash = "sha256:dbae37d48ef5a0ab90cfaf2b9312d96f034b1c828208a9cbe25377a1b19ba129"},
    {file = "cytoolz-0.12.1-cp39-cp39-musllinux_1_1_x86_64.whl", hash = "sha256:c34e69be4429633fc614febe3127fa03aa418a1abb9252f29d9ba5b3394573a5"},
    {file = "cytoolz-0.12.1-cp39-cp39-win32.whl", hash = "sha256:0d474dacbafbdbb44c7de986bbf71ff56ae62df0d52ab3b6fa966784dc88737a"},
    {file = "cytoolz-0.12.1-cp39-cp39-win_amd64.whl", hash = "sha256:3d6d0b0075731832343eb88229cea4bf39e96f3fc7acbc449aadbdfec2842703"},
    {file = "cytoolz-0.12.1-pp37-pypy37_pp73-macosx_10_9_x86_64.whl", hash = "sha256:8506d1863f30d26f577c4ed59d2cfd03d2f39569f9cbaa02a764a9de73d312d5"},
    {file = "cytoolz-0.12.1-pp37-pypy37_pp73-manylinux_2_17_aarch64.manylinux2014_aarch64.whl", hash = "sha256:1a1eae39656a1685e8b3f433eecfd72015ce5c1d7519e9c8f9402153c68331bb"},
    {file = "cytoolz-0.12.1-pp37-pypy37_pp73-manylinux_2_5_i686.manylinux1_i686.manylinux_2_17_i686.manylinux2014_i686.whl", hash = "sha256:4a0055943074c6c85b77fcc3f42f7c54010a3478daa2ed9d6243d0411c84a4d3"},
    {file = "cytoolz-0.12.1-pp37-pypy37_pp73-manylinux_2_5_x86_64.manylinux1_x86_64.manylinux_2_17_x86_64.manylinux2014_x86_64.whl", hash = "sha256:a8a7a325b8fe885a6dd91093616c703134f2dacbd869bc519970df3849c2a15b"},
    {file = "cytoolz-0.12.1-pp37-pypy37_pp73-win_amd64.whl", hash = "sha256:7b60caf0fa5f1b49f1062f7dc0f66c7b23e2736bad50fa8296bfb845995e3051"},
    {file = "cytoolz-0.12.1-pp38-pypy38_pp73-macosx_10_9_x86_64.whl", hash = "sha256:980e7eb7205e01816a92f3290cfc80507957e64656b9271a0dfebb85fe3718c0"},
    {file = "cytoolz-0.12.1-pp38-pypy38_pp73-manylinux_2_17_aarch64.manylinux2014_aarch64.whl", hash = "sha256:06d38a40fe153f23cda0e823413fe9d9ebee89dd461827285316eff929fb121e"},
    {file = "cytoolz-0.12.1-pp38-pypy38_pp73-manylinux_2_5_i686.manylinux1_i686.manylinux_2_17_i686.manylinux2014_i686.whl", hash = "sha256:d540e9c34a61b53b6a374ea108794a48388178f7889d772e364cdbd6df37774c"},
    {file = "cytoolz-0.12.1-pp38-pypy38_pp73-manylinux_2_5_x86_64.manylinux1_x86_64.manylinux_2_17_x86_64.manylinux2014_x86_64.whl", hash = "sha256:117871f036926e42d3abcee587eafa9dc7383f1064ac53a806d33e76604de311"},
    {file = "cytoolz-0.12.1-pp38-pypy38_pp73-win_amd64.whl", hash = "sha256:31131b54a0c72efc0eb432dc66df546c6a54f2a7d396c9a34cf65ac1c26b1df8"},
    {file = "cytoolz-0.12.1-pp39-pypy39_pp73-macosx_10_9_x86_64.whl", hash = "sha256:4534cbfad73cdb1a6dad495530d4186d57d73089c01e9cb0558caab50e46cb3b"},
    {file = "cytoolz-0.12.1-pp39-pypy39_pp73-manylinux_2_17_aarch64.manylinux2014_aarch64.whl", hash = "sha256:50db41e875e36aec11881b8b12bc69c6f4836b7dd9e88a9e5bbf26c2cb3ba6cd"},
    {file = "cytoolz-0.12.1-pp39-pypy39_pp73-manylinux_2_5_i686.manylinux1_i686.manylinux_2_17_i686.manylinux2014_i686.whl", hash = "sha256:6716855f9c669c9e25a185d88e0f169839bf8553d16496796325acd114607c11"},
    {file = "cytoolz-0.12.1-pp39-pypy39_pp73-manylinux_2_5_x86_64.manylinux1_x86_64.manylinux_2_17_x86_64.manylinux2014_x86_64.whl", hash = "sha256:2f32452e833f0605b871626e6c61b71b0cba24233aad0e04accc3240497d4995"},
    {file = "cytoolz-0.12.1-pp39-pypy39_pp73-win_amd64.whl", hash = "sha256:ba74c239fc6cb6e962eabc420967c7565f3f363b776c89b3df5234caecf1f463"},
    {file = "cytoolz-0.12.1.tar.gz", hash = "sha256:fc33909397481c90de3cec831bfb88d97e220dc91939d996920202f184b4648e"},
]

[package.dependencies]
toolz = ">=0.8.0"

[package.extras]
cython = ["cython"]

[[package]]
name = "eth-hash"
version = "0.5.1"
description = "eth-hash: The Ethereum hashing function, keccak256, sometimes (erroneously) called sha3"
category = "main"
optional = false
python-versions = ">=3.7, <4"
files = [
    {file = "eth-hash-0.5.1.tar.gz", hash = "sha256:9805075f653e114a31a99678e93b257fb4082337696f4eff7b4371fe65158409"},
    {file = "eth_hash-0.5.1-py3-none-any.whl", hash = "sha256:4d992e885f3ae3901abbe98bd776ba62d0f6335f98c6e9fc60a39b9d114dfb5a"},
]

[package.extras]
dev = ["Sphinx (>=5.0.0,<6)", "black (>=22.0,<23)", "bumpversion (>=0.5.3,<1)", "flake8 (==3.7.9)", "ipython", "isort (>=4.2.15,<5)", "jinja2 (>=3.0.0,<3.1.0)", "mypy (==0.961)", "pydocstyle (>=5.0.0,<6)", "pytest (>=6.2.5,<7)", "pytest-watch (>=4.1.0,<5)", "pytest-xdist (>=2.4.0,<3)", "sphinx-rtd-theme (>=0.1.9,<1)", "towncrier (>=21,<22)", "tox (>=3.14.6,<4)", "twine", "wheel"]
doc = ["Sphinx (>=5.0.0,<6)", "jinja2 (>=3.0.0,<3.1.0)", "sphinx-rtd-theme (>=0.1.9,<1)", "towncrier (>=21,<22)"]
lint = ["black (>=22.0,<23)", "flake8 (==3.7.9)", "isort (>=4.2.15,<5)", "mypy (==0.961)", "pydocstyle (>=5.0.0,<6)"]
pycryptodome = ["pycryptodome (>=3.6.6,<4)"]
pysha3 = ["pysha3 (>=1.0.0,<2.0.0)", "safe-pysha3 (>=1.0.0)"]
test = ["pytest (>=6.2.5,<7)", "pytest-xdist (>=2.4.0,<3)", "tox (>=3.14.6,<4)"]

[[package]]
name = "eth-typing"
version = "3.2.0"
description = "eth-typing: Common type annotations for ethereum python packages"
category = "main"
optional = false
python-versions = ">=3.6, <4"
files = [
    {file = "eth-typing-3.2.0.tar.gz", hash = "sha256:177e2070da9bf557fe0fd46ee467a7be2d0b6476aa4dc18680603e7da1fc5690"},
    {file = "eth_typing-3.2.0-py3-none-any.whl", hash = "sha256:2d7540c1c65c0e686c1dc357b8376a53caf4e1693724a90191ad133be568841d"},
]

[package.extras]
dev = ["bumpversion (>=0.5.3,<1)", "flake8 (==3.8.3)", "ipython", "isort (>=4.2.15,<5)", "mypy (==0.782)", "pydocstyle (>=3.0.0,<4)", "pytest (>=6.2.5,<7)", "pytest-watch (>=4.1.0,<5)", "pytest-xdist", "sphinx (>=4.2.0,<5)", "sphinx-rtd-theme (>=0.1.9)", "towncrier (>=21,<22)", "tox (>=2.9.1,<3)", "twine", "wheel"]
doc = ["sphinx (>=4.2.0,<5)", "sphinx-rtd-theme (>=0.1.9)", "towncrier (>=21,<22)"]
lint = ["flake8 (==3.8.3)", "isort (>=4.2.15,<5)", "mypy (==0.782)", "pydocstyle (>=3.0.0,<4)"]
test = ["pytest (>=6.2.5,<7)", "pytest-xdist", "tox (>=2.9.1,<3)"]

[[package]]
name = "eth-utils"
version = "2.1.0"
description = "eth-utils: Common utility functions for python code that interacts with Ethereum"
category = "main"
optional = false
python-versions = ">=3.7,<4"
files = [
    {file = "eth-utils-2.1.0.tar.gz", hash = "sha256:fcb4c3c1b32947ba92970963f9aaf40da73b04ea1034964ff8c0e70595127138"},
    {file = "eth_utils-2.1.0-py3-none-any.whl", hash = "sha256:63901e54ec9e4ac16ae0a0d28e1dc48b968c20184d22f2727e5f3ca24b6250bc"},
]

[package.dependencies]
cytoolz = {version = ">=0.10.1", markers = "implementation_name == \"cpython\""}
eth-hash = ">=0.3.1"
eth-typing = ">=3.0.0"
toolz = {version = ">0.8.2", markers = "implementation_name == \"pypy\""}

[package.extras]
dev = ["Sphinx (>=1.6.5,<2)", "black (>=22)", "bumpversion (>=0.5.3,<1)", "flake8 (==3.7.9)", "hypothesis (>=4.43.0,<5.0.0)", "ipython", "isort (>=4.2.15,<5)", "jinja2 (>=3.0.0,<3.0.1)", "mypy (==0.910)", "pydocstyle (>=5.0.0,<6)", "pytest (>=6.2.5,<7)", "pytest-watch (>=4.1.0,<5)", "pytest-xdist", "sphinx-rtd-theme (>=0.1.9,<2)", "towncrier (>=21,<22)", "tox (==3.14.6)", "twine (>=1.13,<2)", "types-setuptools", "wheel (>=0.30.0,<1.0.0)"]
doc = ["Sphinx (>=1.6.5,<2)", "jinja2 (>=3.0.0,<3.0.1)", "sphinx-rtd-theme (>=0.1.9,<2)", "towncrier (>=21,<22)"]
lint = ["black (>=22)", "flake8 (==3.7.9)", "isort (>=4.2.15,<5)", "mypy (==0.910)", "pydocstyle (>=5.0.0,<6)", "pytest (>=6.2.5,<7)", "types-setuptools"]
test = ["hypothesis (>=4.43.0,<5.0.0)", "pytest (>=6.2.5,<7)", "pytest-xdist", "tox (==3.14.6)", "types-setuptools"]

[[package]]
name = "exceptiongroup"
version = "1.1.0"
description = "Backport of PEP 654 (exception groups)"
category = "main"
optional = false
python-versions = ">=3.7"
files = [
    {file = "exceptiongroup-1.1.0-py3-none-any.whl", hash = "sha256:327cbda3da756e2de031a3107b81ab7b3770a602c4d16ca618298c526f4bec1e"},
    {file = "exceptiongroup-1.1.0.tar.gz", hash = "sha256:bcb67d800a4497e1b404c2dd44fca47d3b7a5e5433dbab67f96c1a685cdfdf23"},
]

[package.extras]
test = ["pytest (>=6)"]

[[package]]
name = "grpcio"
version = "1.51.3"
description = "HTTP/2-based RPC framework"
category = "main"
optional = false
python-versions = ">=3.7"
files = [
    {file = "grpcio-1.51.3-cp310-cp310-linux_armv7l.whl", hash = "sha256:f601aaeae18dab81930fb8d4f916b0da21e89bb4b5f7367ef793f46b4a76b7b0"},
    {file = "grpcio-1.51.3-cp310-cp310-macosx_12_0_universal2.whl", hash = "sha256:eef0450a4b5ed11feab639bf3eb1b6e23d0efa9b911bf7b06fb60e14f5f8a585"},
    {file = "grpcio-1.51.3-cp310-cp310-manylinux_2_17_aarch64.whl", hash = "sha256:82b0ad8ac825d4bb31bff9f638557c045f4a6d824d84b21e893968286f88246b"},
    {file = "grpcio-1.51.3-cp310-cp310-manylinux_2_17_i686.manylinux2014_i686.whl", hash = "sha256:3667c06e37d6cd461afdd51cefe6537702f3d1dc5ff4cac07e88d8b4795dc16f"},
    {file = "grpcio-1.51.3-cp310-cp310-manylinux_2_17_x86_64.manylinux2014_x86_64.whl", hash = "sha256:3709048fe0aa23dda09b3e69849a12055790171dab9e399a72ea8f9dfbf9ac80"},
    {file = "grpcio-1.51.3-cp310-cp310-musllinux_1_1_i686.whl", hash = "sha256:200d69857f9910f7458b39b9bcf83ee4a180591b40146ba9e49314e3a7419313"},
    {file = "grpcio-1.51.3-cp310-cp310-musllinux_1_1_x86_64.whl", hash = "sha256:cd9a5e68e79c5f031500e67793048a90209711e0854a9ddee8a3ce51728de4e5"},
    {file = "grpcio-1.51.3-cp310-cp310-win32.whl", hash = "sha256:6604f614016127ae10969176bbf12eb0e03d2fb3d643f050b3b69e160d144fb4"},
    {file = "grpcio-1.51.3-cp310-cp310-win_amd64.whl", hash = "sha256:e95c7ccd4c5807adef1602005513bf7c7d14e5a41daebcf9d8d30d8bf51b8f81"},
    {file = "grpcio-1.51.3-cp311-cp311-linux_armv7l.whl", hash = "sha256:5e77ee138100f0bb55cbd147840f87ee6241dbd25f09ea7cd8afe7efff323449"},
    {file = "grpcio-1.51.3-cp311-cp311-macosx_10_10_universal2.whl", hash = "sha256:68a7514b754e38e8de9075f7bb4dee919919515ec68628c43a894027e40ddec4"},
    {file = "grpcio-1.51.3-cp311-cp311-manylinux_2_17_i686.manylinux2014_i686.whl", hash = "sha256:3c1b9f8afa62ff265d86a4747a2990ec5a96e4efce5d5888f245a682d66eca47"},
    {file = "grpcio-1.51.3-cp311-cp311-manylinux_2_17_x86_64.manylinux2014_x86_64.whl", hash = "sha256:8de30f0b417744288cec65ec8cf84b8a57995cf7f1e84ccad2704d93f05d0aae"},
    {file = "grpcio-1.51.3-cp311-cp311-musllinux_1_1_i686.whl", hash = "sha256:b69c7adc7ed60da1cb1b502853db61f453fc745f940cbcc25eb97c99965d8f41"},
    {file = "grpcio-1.51.3-cp311-cp311-musllinux_1_1_x86_64.whl", hash = "sha256:d81528ffe0e973dc840ec73a4132fd18b8203ad129d7410155d951a0a7e4f5d0"},
    {file = "grpcio-1.51.3-cp311-cp311-win32.whl", hash = "sha256:040eb421613b57c696063abde405916dd830203c184c9000fc8c3b3b3c950325"},
    {file = "grpcio-1.51.3-cp311-cp311-win_amd64.whl", hash = "sha256:2a8e17286c4240137d933b8ca506465472248b4ce0fe46f3404459e708b65b68"},
    {file = "grpcio-1.51.3-cp37-cp37m-linux_armv7l.whl", hash = "sha256:d5cd1389669a847555df54177b911d9ff6f17345b2a6f19388707b7a9f724c88"},
    {file = "grpcio-1.51.3-cp37-cp37m-macosx_10_10_universal2.whl", hash = "sha256:be1bf35ce82cdbcac14e39d5102d8de4079a1c1a6a06b68e41fcd9ef64f9dd28"},
    {file = "grpcio-1.51.3-cp37-cp37m-manylinux_2_17_aarch64.whl", hash = "sha256:5eed34994c095e2bf7194ffac7381c6068b057ef1e69f8f08db77771350a7566"},
    {file = "grpcio-1.51.3-cp37-cp37m-manylinux_2_17_i686.manylinux2014_i686.whl", hash = "sha256:3f9a7d88082b2a17ae7bd3c2354d13bab0453899e0851733f6afa6918373f476"},
    {file = "grpcio-1.51.3-cp37-cp37m-manylinux_2_17_x86_64.manylinux2014_x86_64.whl", hash = "sha256:36c8abbc5f837111e7bd619612eedc223c290b0903b952ce0c7b00840ea70f14"},
    {file = "grpcio-1.51.3-cp37-cp37m-musllinux_1_1_i686.whl", hash = "sha256:165b05af77e6aecb4210ae7663e25acf234ba78a7c1c157fa5f2efeb0d6ec53c"},
    {file = "grpcio-1.51.3-cp37-cp37m-musllinux_1_1_x86_64.whl", hash = "sha256:54e36c2ee304ff15f2bfbdc43d2b56c63331c52d818c364e5b5214e5bc2ad9f6"},
    {file = "grpcio-1.51.3-cp37-cp37m-win32.whl", hash = "sha256:cd0daac21d9ef5e033a5100c1d3aa055bbed28bfcf070b12d8058045c4e821b1"},
    {file = "grpcio-1.51.3-cp37-cp37m-win_amd64.whl", hash = "sha256:2fdd6333ce96435408565a9dbbd446212cd5d62e4d26f6a3c0feb1e3c35f1cc8"},
    {file = "grpcio-1.51.3-cp38-cp38-linux_armv7l.whl", hash = "sha256:54b0c29bdd9a3b1e1b61443ab152f060fc719f1c083127ab08d03fac5efd51be"},
    {file = "grpcio-1.51.3-cp38-cp38-macosx_10_10_universal2.whl", hash = "sha256:ffaaf7e93fcb437356b5a4b23bf36e8a3d0221399ff77fd057e4bc77776a24be"},
    {file = "grpcio-1.51.3-cp38-cp38-manylinux_2_17_aarch64.whl", hash = "sha256:eafbe7501a3268d05f2e450e1ddaffb950d842a8620c13ec328b501d25d2e2c3"},
    {file = "grpcio-1.51.3-cp38-cp38-manylinux_2_17_i686.manylinux2014_i686.whl", hash = "sha256:881ecb34feabf31c6b3b9bbbddd1a5b57e69f805041e5a2c6c562a28574f71c4"},
    {file = "grpcio-1.51.3-cp38-cp38-manylinux_2_17_x86_64.manylinux2014_x86_64.whl", hash = "sha256:e860a3222139b41d430939bbec2ec9c3f6c740938bf7a04471a9a8caaa965a2e"},
    {file = "grpcio-1.51.3-cp38-cp38-musllinux_1_1_i686.whl", hash = "sha256:49ede0528e9dac7e8a9fe30b16c73b630ddd9a576bf4b675eb6b0c53ee5ca00f"},
    {file = "grpcio-1.51.3-cp38-cp38-musllinux_1_1_x86_64.whl", hash = "sha256:6972b009638b40a448d10e1bc18e2223143b8a7aa20d7def0d78dd4af4126d12"},
    {file = "grpcio-1.51.3-cp38-cp38-win32.whl", hash = "sha256:5694448256e3cdfe5bd358f1574a3f2f51afa20cc834713c4b9788d60b7cc646"},
    {file = "grpcio-1.51.3-cp38-cp38-win_amd64.whl", hash = "sha256:3ea4341efe603b049e8c9a5f13c696ca37fcdf8a23ca35f650428ad3606381d9"},
    {file = "grpcio-1.51.3-cp39-cp39-linux_armv7l.whl", hash = "sha256:6c677581ce129f5fa228b8f418cee10bd28dd449f3a544ea73c8ba590ee49d0b"},
    {file = "grpcio-1.51.3-cp39-cp39-macosx_10_10_universal2.whl", hash = "sha256:30e09b5e0531685e176f49679b6a3b190762cc225f4565e55a899f5e14b3aa62"},
    {file = "grpcio-1.51.3-cp39-cp39-manylinux_2_17_aarch64.whl", hash = "sha256:c831f31336e81243f85b6daff3e5e8a123302ce0ea1f2726ad752fd7a59f3aee"},
    {file = "grpcio-1.51.3-cp39-cp39-manylinux_2_17_i686.manylinux2014_i686.whl", hash = "sha256:2cd2e4cefb724cab1ba2df4b7535a9980531b9ec51b4dbb5f137a1f3a3754ef0"},
    {file = "grpcio-1.51.3-cp39-cp39-manylinux_2_17_x86_64.manylinux2014_x86_64.whl", hash = "sha256:f7a0d0bf44438869d307f85a54f25a896ad6b4b0ca12370f76892ad732928d87"},
    {file = "grpcio-1.51.3-cp39-cp39-musllinux_1_1_i686.whl", hash = "sha256:c02abd55409bfb293371554adf6a4401197ec2133dd97727c01180889014ba4d"},
    {file = "grpcio-1.51.3-cp39-cp39-musllinux_1_1_x86_64.whl", hash = "sha256:2f8ff75e61e1227ba7a3f16b2eadbcc11d0a54096d52ab75a6b88cfbe56f55d1"},
    {file = "grpcio-1.51.3-cp39-cp39-win32.whl", hash = "sha256:6c99a73a6260bdf844b2e5ddad02dcd530310f80e1fa72c300fa19c1c7496962"},
    {file = "grpcio-1.51.3-cp39-cp39-win_amd64.whl", hash = "sha256:22bdfac4f7f27acdd4da359b5e7e1973dc74bf1ed406729b07d0759fde2f064b"},
    {file = "grpcio-1.51.3.tar.gz", hash = "sha256:be7b2265b7527bb12109a7727581e274170766d5b3c9258d4e466f4872522d7a"},
]

[package.extras]
protobuf = ["grpcio-tools (>=1.51.3)"]

[[package]]
name = "grpcio-tools"
version = "1.51.3"
description = "Protobuf code generator for gRPC"
category = "main"
optional = false
python-versions = ">=3.7"
files = [
    {file = "grpcio-tools-1.51.3.tar.gz", hash = "sha256:4fea28e3dd31871579a57058796a78093c75b74b74e9de2f2b7a7fd9a443d403"},
    {file = "grpcio_tools-1.51.3-cp310-cp310-linux_armv7l.whl", hash = "sha256:779ac1ad2258b8debaa45595bfb3814806ed8880e3ea7f194e551d76a6255969"},
    {file = "grpcio_tools-1.51.3-cp310-cp310-macosx_12_0_universal2.whl", hash = "sha256:83bf605fe2b3591d3c8a78646f37c72c5832c4dd84b5f92405c17cb10b136be6"},
    {file = "grpcio_tools-1.51.3-cp310-cp310-manylinux_2_17_aarch64.whl", hash = "sha256:35f885c5afd8e6a77d320f5a9624b439a93f9be2b87fa7b7948c1ad7b2ba0894"},
    {file = "grpcio_tools-1.51.3-cp310-cp310-manylinux_2_17_i686.manylinux2014_i686.whl", hash = "sha256:253b639fb79a4d28ce494ae40e5695bf1e2cb4a05f205fc433c46b2049ab4d99"},
    {file = "grpcio_tools-1.51.3-cp310-cp310-manylinux_2_17_x86_64.manylinux2014_x86_64.whl", hash = "sha256:0c6b145587d6062e2335f0b3286501dd6853a1ea50bd466a913351b7c48e5f20"},
    {file = "grpcio_tools-1.51.3-cp310-cp310-musllinux_1_1_i686.whl", hash = "sha256:046c0b1e372d4acf552aa0c8f5e830f019d67b75f25aeb0968d15fbdd3eaabd3"},
    {file = "grpcio_tools-1.51.3-cp310-cp310-musllinux_1_1_x86_64.whl", hash = "sha256:efc90b0287908c46281eb61933acaa1b96a575d0160fc98b5c64b9dec46f60d1"},
    {file = "grpcio_tools-1.51.3-cp310-cp310-win32.whl", hash = "sha256:8e9df40db7a0edd403b539cc142d6114270e35debf723a5b4a7a93d5c30fffc0"},
    {file = "grpcio_tools-1.51.3-cp310-cp310-win_amd64.whl", hash = "sha256:077adaee431c2b040dd77923964577087c32e828908e8fa2e53f8e003ad408c9"},
    {file = "grpcio_tools-1.51.3-cp311-cp311-linux_armv7l.whl", hash = "sha256:b50f9b8a6482a90c1a41e731a879a130f7dea267065d0a06f47c9160ce5d01c3"},
    {file = "grpcio_tools-1.51.3-cp311-cp311-macosx_10_10_universal2.whl", hash = "sha256:89a68adcb4238aba69f3a364ac02c9a46e55b9e3fd8af1c6f384079abfa9347c"},
    {file = "grpcio_tools-1.51.3-cp311-cp311-manylinux_2_17_i686.manylinux2014_i686.whl", hash = "sha256:78d177da43e7f6fde6715df4a3015ae13158166bc2845ac7f9cfb526eafb41b8"},
    {file = "grpcio_tools-1.51.3-cp311-cp311-manylinux_2_17_x86_64.manylinux2014_x86_64.whl", hash = "sha256:793f9edef82f600a3324f8a3d8cd8318a8d02f28fb54f8236cbb35ce0928d186"},
    {file = "grpcio_tools-1.51.3-cp311-cp311-musllinux_1_1_i686.whl", hash = "sha256:f7583735542ced7d30baec6cc21bffeaffcec1523bf807e8f8f0047113b6d30a"},
    {file = "grpcio_tools-1.51.3-cp311-cp311-musllinux_1_1_x86_64.whl", hash = "sha256:f2df233a3e7db23d9b516cb5e2bfe029465f40a72978bee0584e44e7860ea73f"},
    {file = "grpcio_tools-1.51.3-cp311-cp311-win32.whl", hash = "sha256:7427939455735fbf2ea88c37f1585c9c8b809eec7b447642f34465eb4d26020b"},
    {file = "grpcio_tools-1.51.3-cp311-cp311-win_amd64.whl", hash = "sha256:ba76d15fd149b575170fa32a1f6a9ff2b38ff9db223229a8ad6f53450a452688"},
    {file = "grpcio_tools-1.51.3-cp37-cp37m-linux_armv7l.whl", hash = "sha256:d2212c682529263b3c9e903092d0ccbb9fc6afba820e4c2fa52c2c27720cdcae"},
    {file = "grpcio_tools-1.51.3-cp37-cp37m-macosx_10_10_universal2.whl", hash = "sha256:405656b3cf9639427e6c30a795570cba4a7c06b88a3145866f7d2c05b7e048b4"},
    {file = "grpcio_tools-1.51.3-cp37-cp37m-manylinux_2_17_aarch64.whl", hash = "sha256:3c445a064b2ef3d3475e26e2add8ddb4ac2933741ecddf71d5b071a3ad078db4"},
    {file = "grpcio_tools-1.51.3-cp37-cp37m-manylinux_2_17_i686.manylinux2014_i686.whl", hash = "sha256:c7b3374f4a6579c58d16a5fab2e6b4e9bb8625a034a7f4cd6024f4d1cc12f2a0"},
    {file = "grpcio_tools-1.51.3-cp37-cp37m-manylinux_2_17_x86_64.manylinux2014_x86_64.whl", hash = "sha256:46e8df08b65f9379c3f103147b29542b0141ca84e77d0eee9114ca5f9b3f0d23"},
    {file = "grpcio_tools-1.51.3-cp37-cp37m-musllinux_1_1_i686.whl", hash = "sha256:2fade12de08923b350475ca16d0d0bd68578c30fce89147aa0f94ef5759bc5a9"},
    {file = "grpcio_tools-1.51.3-cp37-cp37m-musllinux_1_1_x86_64.whl", hash = "sha256:d4ffb6325ed489065dbdca764cf37c3a29376bc657874116c9af788d7a0d2ee4"},
    {file = "grpcio_tools-1.51.3-cp37-cp37m-win32.whl", hash = "sha256:f8d17271fc58ed3503dd571c79917e126deca51f85f093770a9606e806aac9dc"},
    {file = "grpcio_tools-1.51.3-cp37-cp37m-win_amd64.whl", hash = "sha256:ef849687c7f2bd7f3277edc7c7cafc7042823d0fb078e3c01c861eb0c96ed181"},
    {file = "grpcio_tools-1.51.3-cp38-cp38-linux_armv7l.whl", hash = "sha256:7fd18d8d211fbfd337fc12e5bdd57e62368f636addf901d290e68a39f1dfea38"},
    {file = "grpcio_tools-1.51.3-cp38-cp38-macosx_10_10_universal2.whl", hash = "sha256:233fc56f054424232e2086f444004413e33c699174ce6ee0e279c25227243fec"},
    {file = "grpcio_tools-1.51.3-cp38-cp38-manylinux_2_17_aarch64.whl", hash = "sha256:867fa1973fa8b0772077c15425f122f672a18b1c53709a8a2bff9d056db4c20e"},
    {file = "grpcio_tools-1.51.3-cp38-cp38-manylinux_2_17_i686.manylinux2014_i686.whl", hash = "sha256:b486a99bdf2722e68a9d59769389e2fb86878b6f293be5111f7678e364a0c359"},
    {file = "grpcio_tools-1.51.3-cp38-cp38-manylinux_2_17_x86_64.manylinux2014_x86_64.whl", hash = "sha256:c8bbf412c357999f88d87f421fd48b4b114fc037fec7bbaed0cb7620c24a5e44"},
    {file = "grpcio_tools-1.51.3-cp38-cp38-musllinux_1_1_i686.whl", hash = "sha256:1166744c40821bb0aa605d2af2287fac367756f858a3d18f4c3d25bc0b92757b"},
    {file = "grpcio_tools-1.51.3-cp38-cp38-musllinux_1_1_x86_64.whl", hash = "sha256:781896c488e07b9463196045e6725e52d018cd7d0e1062d4ab1eee2647ca9170"},
    {file = "grpcio_tools-1.51.3-cp38-cp38-win32.whl", hash = "sha256:35c1ee7c766eb586f04ba41fa7711eb847767eb277a1737998374ac57768f1f0"},
    {file = "grpcio_tools-1.51.3-cp38-cp38-win_amd64.whl", hash = "sha256:584b201fb39307dcb1affcf2647656a0e6244423ef1659cc6caa3ff85c5ae5c1"},
    {file = "grpcio_tools-1.51.3-cp39-cp39-linux_armv7l.whl", hash = "sha256:e02231e21029f716a1d23a0b5e664fa243d147da33a3f55088a9529b860aa4ac"},
    {file = "grpcio_tools-1.51.3-cp39-cp39-macosx_10_10_universal2.whl", hash = "sha256:fbb742e10bd548031b8d80f7c28eb70c7c3a9850f8e99c98cd496f19a05f9fee"},
    {file = "grpcio_tools-1.51.3-cp39-cp39-manylinux_2_17_aarch64.whl", hash = "sha256:a836a72c657f751244cdb358c3461a89627e6d02654079d2450cfe361800428c"},
    {file = "grpcio_tools-1.51.3-cp39-cp39-manylinux_2_17_i686.manylinux2014_i686.whl", hash = "sha256:bb554408e0ec5ff5201013f268726d9eef8e5bd1fd4b4e09c46c0b4a9de8b64c"},
    {file = "grpcio_tools-1.51.3-cp39-cp39-manylinux_2_17_x86_64.manylinux2014_x86_64.whl", hash = "sha256:158c5bfe7e157fd9a944bde9f7dfe3b468416666e4fade77cd17caa3edc8bd81"},
    {file = "grpcio_tools-1.51.3-cp39-cp39-musllinux_1_1_i686.whl", hash = "sha256:715c792679224171c0584e9f235b921d76f8990deb38b0d1215d0469301d9cd9"},
    {file = "grpcio_tools-1.51.3-cp39-cp39-musllinux_1_1_x86_64.whl", hash = "sha256:ece44f42b10e0bceb49235be1e361e1ee69afee7f938c82fb656a601a4a720e3"},
    {file = "grpcio_tools-1.51.3-cp39-cp39-win32.whl", hash = "sha256:980e632710ba05e04364c6f276e905d5d367437f1ce2265ce7b96b5c1eac5693"},
    {file = "grpcio_tools-1.51.3-cp39-cp39-win_amd64.whl", hash = "sha256:5f4c47b14e66f80365cd5667ecc2f7fb0eb91e02c4e54362041b758feaa00511"},
]

[package.dependencies]
grpcio = ">=1.51.3"
protobuf = ">=4.21.6,<5.0dev"
setuptools = "*"

[[package]]
name = "iniconfig"
version = "2.0.0"
description = "brain-dead simple config-ini parsing"
category = "main"
optional = false
python-versions = ">=3.7"
files = [
    {file = "iniconfig-2.0.0-py3-none-any.whl", hash = "sha256:b6a85871a79d2e3b22d2d1b94ac2824226a63c6b741c88f7ae975f18b6778374"},
    {file = "iniconfig-2.0.0.tar.gz", hash = "sha256:2d91e135bf72d31a410b17c16da610a82cb55f6b0477d1a902134b24a455b8b3"},
]

[[package]]
name = "packaging"
version = "23.0"
description = "Core utilities for Python packages"
category = "main"
optional = false
python-versions = ">=3.7"
files = [
    {file = "packaging-23.0-py3-none-any.whl", hash = "sha256:714ac14496c3e68c99c29b00845f7a2b85f3bb6f1078fd9f72fd20f0570002b2"},
    {file = "packaging-23.0.tar.gz", hash = "sha256:b6ad297f8907de0fa2fe1ccbd26fdaf387f5f47c7275fedf8cce89f99446cf97"},
]

[[package]]
name = "pluggy"
version = "1.0.0"
description = "plugin and hook calling mechanisms for python"
category = "main"
optional = false
python-versions = ">=3.6"
files = [
    {file = "pluggy-1.0.0-py2.py3-none-any.whl", hash = "sha256:74134bbf457f031a36d68416e1509f34bd5ccc019f0bcc952c7b909d06b37bd3"},
    {file = "pluggy-1.0.0.tar.gz", hash = "sha256:4224373bacce55f955a878bf9cfa763c1e360858e330072059e10bad68531159"},
]

[package.extras]
dev = ["pre-commit", "tox"]
testing = ["pytest", "pytest-benchmark"]

[[package]]
name = "protobuf"
version = "4.22.0"
description = ""
category = "main"
optional = false
python-versions = ">=3.7"
files = [
    {file = "protobuf-4.22.0-cp310-abi3-win32.whl", hash = "sha256:b2fea9dc8e3c0f32c38124790ef16cba2ee0628fe2022a52e435e1117bfef9b1"},
    {file = "protobuf-4.22.0-cp310-abi3-win_amd64.whl", hash = "sha256:a33a273d21852f911b8bda47f39f4383fe7c061eb1814db2c76c9875c89c2491"},
    {file = "protobuf-4.22.0-cp37-abi3-macosx_10_9_universal2.whl", hash = "sha256:e894e9ae603e963f0842498c4cd5d39c6a60f0d7e4c103df50ee939564298658"},
    {file = "protobuf-4.22.0-cp37-abi3-manylinux2014_aarch64.whl", hash = "sha256:7c535d126e7dcc714105ab20b418c4fedbd28f8b8afc42b7350b1e317bbbcc71"},
    {file = "protobuf-4.22.0-cp37-abi3-manylinux2014_x86_64.whl", hash = "sha256:86c3d20428b007537ba6792b475c0853bba7f66b1f60e610d913b77d94b486e4"},
    {file = "protobuf-4.22.0-cp37-cp37m-win32.whl", hash = "sha256:1669cb7524221a8e2d9008d0842453dbefdd0fcdd64d67672f657244867635fb"},
    {file = "protobuf-4.22.0-cp37-cp37m-win_amd64.whl", hash = "sha256:ab4d043865dd04e6b09386981fe8f80b39a1e46139fb4a3c206229d6b9f36ff6"},
    {file = "protobuf-4.22.0-cp38-cp38-win32.whl", hash = "sha256:29288813aacaa302afa2381db1d6e0482165737b0afdf2811df5fa99185c457b"},
    {file = "protobuf-4.22.0-cp38-cp38-win_amd64.whl", hash = "sha256:e474b63bab0a2ea32a7b26a4d8eec59e33e709321e5e16fb66e766b61b82a95e"},
    {file = "protobuf-4.22.0-cp39-cp39-win32.whl", hash = "sha256:47d31bdf58222dd296976aa1646c68c6ee80b96d22e0a3c336c9174e253fd35e"},
    {file = "protobuf-4.22.0-cp39-cp39-win_amd64.whl", hash = "sha256:c27f371f0159feb70e6ea52ed7e768b3f3a4c5676c1900a7e51a24740381650e"},
    {file = "protobuf-4.22.0-py3-none-any.whl", hash = "sha256:c3325803095fb4c2a48649c321d2fbde59f8fbfcb9bfc7a86df27d112831c571"},
    {file = "protobuf-4.22.0.tar.gz", hash = "sha256:652d8dfece122a24d98eebfef30e31e455d300efa41999d1182e015984ac5930"},
]

[[package]]
name = "pytest"
version = "7.2.1"
description = "pytest: simple powerful testing with Python"
category = "main"
optional = false
python-versions = ">=3.7"
files = [
    {file = "pytest-7.2.1-py3-none-any.whl", hash = "sha256:c7c6ca206e93355074ae32f7403e8ea12163b1163c976fee7d4d84027c162be5"},
    {file = "pytest-7.2.1.tar.gz", hash = "sha256:d45e0952f3727241918b8fd0f376f5ff6b301cc0777c6f9a556935c92d8a7d42"},
]

[package.dependencies]
attrs = ">=19.2.0"
colorama = {version = "*", markers = "sys_platform == \"win32\""}
exceptiongroup = {version = ">=1.0.0rc8", markers = "python_version < \"3.11\""}
iniconfig = "*"
packaging = "*"
pluggy = ">=0.12,<2.0"
tomli = {version = ">=1.0.0", markers = "python_version < \"3.11\""}

[package.extras]
testing = ["argcomplete", "hypothesis (>=3.56)", "mock", "nose", "pygments (>=2.7.2)", "requests", "xmlschema"]

[[package]]
name = "setuptools"
version = "67.4.0"
description = "Easily download, build, install, upgrade, and uninstall Python packages"
category = "main"
optional = false
python-versions = ">=3.7"
files = [
    {file = "setuptools-67.4.0-py3-none-any.whl", hash = "sha256:f106dee1b506dee5102cc3f3e9e68137bbad6d47b616be7991714b0c62204251"},
    {file = "setuptools-67.4.0.tar.gz", hash = "sha256:e5fd0a713141a4a105412233c63dc4e17ba0090c8e8334594ac790ec97792330"},
]

[package.extras]
docs = ["furo", "jaraco.packaging (>=9)", "jaraco.tidelift (>=1.4)", "pygments-github-lexers (==0.0.5)", "rst.linker (>=1.9)", "sphinx (>=3.5)", "sphinx-favicon", "sphinx-hoverxref (<2)", "sphinx-inline-tabs", "sphinx-lint", "sphinx-notfound-page (==0.8.3)", "sphinx-reredirects", "sphinxcontrib-towncrier"]
testing = ["build[virtualenv]", "filelock (>=3.4.0)", "flake8 (<5)", "flake8-2020", "ini2toml[lite] (>=0.9)", "jaraco.envs (>=2.2)", "jaraco.path (>=3.2.0)", "pip (>=19.1)", "pip-run (>=8.8)", "pytest (>=6)", "pytest-black (>=0.3.7)", "pytest-checkdocs (>=2.4)", "pytest-cov", "pytest-enabler (>=1.3)", "pytest-flake8", "pytest-mypy (>=0.9.1)", "pytest-perf", "pytest-timeout", "pytest-xdist", "tomli-w (>=1.0.0)", "virtualenv (>=13.0.0)", "wheel"]
testing-integration = ["build[virtualenv]", "filelock (>=3.4.0)", "jaraco.envs (>=2.2)", "jaraco.path (>=3.2.0)", "pytest", "pytest-enabler", "pytest-xdist", "tomli", "virtualenv (>=13.0.0)", "wheel"]

[[package]]
name = "tomli"
version = "2.0.1"
description = "A lil' TOML parser"
category = "main"
optional = false
python-versions = ">=3.7"
files = [
    {file = "tomli-2.0.1-py3-none-any.whl", hash = "sha256:939de3e7a6161af0c887ef91b7d41a53e7c5a1ca976325f429cb46ea9bc30ecc"},
    {file = "tomli-2.0.1.tar.gz", hash = "sha256:de526c12914f0c550d15924c62d72abc48d6fe7364aa87328337a31007fe8a4f"},
]

[[package]]
name = "toolz"
version = "0.12.0"
description = "List processing tools and functional utilities"
category = "main"
optional = false
python-versions = ">=3.5"
files = [
    {file = "toolz-0.12.0-py3-none-any.whl", hash = "sha256:2059bd4148deb1884bb0eb770a3cde70e7f954cfbbdc2285f1f2de01fd21eb6f"},
    {file = "toolz-0.12.0.tar.gz", hash = "sha256:88c570861c440ee3f2f6037c4654613228ff40c93a6c25e0eba70d17282c6194"},
]

[metadata]
lock-version = "2.0"
python-versions = "^3.9"
content-hash = "79ad0dc57a7086a8d64d90d188bf9cbfa7999878c93582c684cda30178c15ad1"
